
Microsoft Visual Studio Solution File, Format Version 12.00
# Visual Studio Version 17
VisualStudioVersion = 17.10.35013.160
MinimumVisualStudioVersion = 10.0.40219.1
Project("{FAE04EC0-301F-11D3-BF4B-00C04F79EFBC}") = "memoryGame", "memoryGame\memoryGame.csproj", "{13FC6C5B-9E88-404B-9F6C-E57A0C2BC6DF}"
EndProject
Global
	GlobalSection(SolutionConfigurationPlatforms) = preSolution
		Debug|Any CPU = Debug|Any CPU
		Release|Any CPU = Release|Any CPU
	EndGlobalSection
	GlobalSection(ProjectConfigurationPlatforms) = postSolution
		{13FC6C5B-9E88-404B-9F6C-E57A0C2BC6DF}.Debug|Any CPU.ActiveCfg = Debug|Any CPU
		{13FC6C5B-9E88-404B-9F6C-E57A0C2BC6DF}.Debug|Any CPU.Build.0 = Debug|Any CPU
		{13FC6C5B-9E88-404B-9F6C-E57A0C2BC6DF}.Release|Any CPU.ActiveCfg = Release|Any CPU
		{13FC6C5B-9E88-404B-9F6C-E57A0C2BC6DF}.Release|Any CPU.Build.0 = Release|Any CPU
	EndGlobalSection
	GlobalSection(SolutionProperties) = preSolution
		HideSolutionNode = FALSE
	EndGlobalSection
	GlobalSection(ExtensibilityGlobals) = postSolution
		SolutionGuid = {0B94DFED-C3FF-49B2-A3B3-024CB8DFB78A}
	EndGlobalSection
EndGlobal
